
Microsoft Visual Studio Solution File, Format Version 12.00
# Visual Studio Version 16
VisualStudioVersion = 16.0.30717.126
MinimumVisualStudioVersion = 10.0.40219.1
Project("{FAE04EC0-301F-11D3-BF4B-00C04F79EFBC}") = "FerryTerminal", "FerryTerminal\FerryTerminal.csproj", "{34CEE917-34CD-4E1D-8C52-AA05B658359E}"
EndProject
Global
	GlobalSection(SolutionConfigurationPlatforms) = preSolution
		Debug|Any CPU = Debug|Any CPU
		Release|Any CPU = Release|Any CPU
	EndGlobalSection
	GlobalSection(ProjectConfigurationPlatforms) = postSolution
		{34CEE917-34CD-4E1D-8C52-AA05B658359E}.Debug|Any CPU.ActiveCfg = Debug|Any CPU
		{34CEE917-34CD-4E1D-8C52-AA05B658359E}.Debug|Any CPU.Build.0 = Debug|Any CPU
		{34CEE917-34CD-4E1D-8C52-AA05B658359E}.Release|Any CPU.ActiveCfg = Release|Any CPU
		{34CEE917-34CD-4E1D-8C52-AA05B658359E}.Release|Any CPU.Build.0 = Release|Any CPU
	EndGlobalSection
	GlobalSection(SolutionProperties) = preSolution
		HideSolutionNode = FALSE
	EndGlobalSection
	GlobalSection(ExtensibilityGlobals) = postSolution
		SolutionGuid = {22F2AB20-0855-41A7-9690-99EE962766D0}
	EndGlobalSection
EndGlobal
